// !$*UTF8*$!
{
	archiveVersion = 1;
	classes = {
	};
	objectVersion = 55;
	objects = {

/* Begin PBXBuildFile section */
		6202D48027F0BEB100993EA3 /* WeatherAPIServiceMock.swift in Sources */ = {isa = PBXBuildFile; fileRef = 6202D47F27F0BEB100993EA3 /* WeatherAPIServiceMock.swift */; };
		6237D84027E9D60E00293711 /* CityWeatherTableViewCell.swift in Sources */ = {isa = PBXBuildFile; fileRef = 6237D83E27E9D60E00293711 /* CityWeatherTableViewCell.swift */; };
		6237D84127E9D60E00293711 /* CityWeatherTableViewCell.xib in Resources */ = {isa = PBXBuildFile; fileRef = 6237D83F27E9D60E00293711 /* CityWeatherTableViewCell.xib */; };
		6237D84327E9DE0A00293711 /* CellReusable.swift in Sources */ = {isa = PBXBuildFile; fileRef = 6237D84227E9DE0A00293711 /* CellReusable.swift */; };
		6237D84627EA38BF00293711 /* UIImageView+Extensions.swift in Sources */ = {isa = PBXBuildFile; fileRef = 6237D84527EA38BF00293711 /* UIImageView+Extensions.swift */; };
		625D1DC427DF383300FEB3B9 /* Location.swift in Sources */ = {isa = PBXBuildFile; fileRef = 625D1DC327DF383300FEB3B9 /* Location.swift */; };
		625D1DC627DF38FE00FEB3B9 /* FindLocationUseCase.swift in Sources */ = {isa = PBXBuildFile; fileRef = 625D1DC527DF38FE00FEB3B9 /* FindLocationUseCase.swift */; };
		625D1DC827DF4B1E00FEB3B9 /* FetchTomorrowWeatherUseCase.swift in Sources */ = {isa = PBXBuildFile; fileRef = 625D1DC727DF4B1E00FEB3B9 /* FetchTomorrowWeatherUseCase.swift */; };
		6284398027DD177600949410 /* AppDelegate.swift in Sources */ = {isa = PBXBuildFile; fileRef = 6284397F27DD177600949410 /* AppDelegate.swift */; };
		6284398227DD177600949410 /* SceneDelegate.swift in Sources */ = {isa = PBXBuildFile; fileRef = 6284398127DD177600949410 /* SceneDelegate.swift */; };
		6284398927DD177700949410 /* Assets.xcassets in Resources */ = {isa = PBXBuildFile; fileRef = 6284398827DD177700949410 /* Assets.xcassets */; };
		6284398C27DD177700949410 /* LaunchScreen.storyboard in Resources */ = {isa = PBXBuildFile; fileRef = 6284398A27DD177700949410 /* LaunchScreen.storyboard */; };
		628439A127DD177700949410 /* WeatherForecastUITests.swift in Sources */ = {isa = PBXBuildFile; fileRef = 628439A027DD177700949410 /* WeatherForecastUITests.swift */; };
		628439A327DD177700949410 /* WeatherForecastUITestsLaunchTests.swift in Sources */ = {isa = PBXBuildFile; fileRef = 628439A227DD177700949410 /* WeatherForecastUITestsLaunchTests.swift */; };
		628439B927DD1FB200949410 /* Coordinator.swift in Sources */ = {isa = PBXBuildFile; fileRef = 628439B827DD1FB200949410 /* Coordinator.swift */; };
		628439BE27DE34F700949410 /* WeatherListViewModel.swift in Sources */ = {isa = PBXBuildFile; fileRef = 628439BD27DE34F700949410 /* WeatherListViewModel.swift */; };
		628439C127DE351C00949410 /* WeatherListViewController.swift in Sources */ = {isa = PBXBuildFile; fileRef = 628439BF27DE351C00949410 /* WeatherListViewController.swift */; };
		628439C627DE3D9F00949410 /* WeatherCoordinator.swift in Sources */ = {isa = PBXBuildFile; fileRef = 628439C527DE3D9F00949410 /* WeatherCoordinator.swift */; };
		628439CA27DE552900949410 /* Endpoint.swift in Sources */ = {isa = PBXBuildFile; fileRef = 628439C927DE552900949410 /* Endpoint.swift */; };
		628439CC27DE553F00949410 /* APIClient.swift in Sources */ = {isa = PBXBuildFile; fileRef = 628439CB27DE553F00949410 /* APIClient.swift */; };
		628439CF27DE56FA00949410 /* WeatherEndpoint.swift in Sources */ = {isa = PBXBuildFile; fileRef = 628439CE27DE56FA00949410 /* WeatherEndpoint.swift */; };
		628439D127DE5D9C00949410 /* WeatherAPIService.swift in Sources */ = {isa = PBXBuildFile; fileRef = 628439D027DE5D9C00949410 /* WeatherAPIService.swift */; };
		628439D327DE62E600949410 /* Weather.swift in Sources */ = {isa = PBXBuildFile; fileRef = 628439D227DE62E600949410 /* Weather.swift */; };
		628439D527DE642E00949410 /* WeatherRepository.swift in Sources */ = {isa = PBXBuildFile; fileRef = 628439D427DE642E00949410 /* WeatherRepository.swift */; };
		628439D727DE64A100949410 /* WeatherDataRepository.swift in Sources */ = {isa = PBXBuildFile; fileRef = 628439D627DE64A100949410 /* WeatherDataRepository.swift */; };
		6293EBA727F0607000664BF5 /* FetchWeatherError.swift in Sources */ = {isa = PBXBuildFile; fileRef = 6293EBA627F0607000664BF5 /* FetchWeatherError.swift */; };
		6293EBAA27F0627A00664BF5 /* LoadingView.swift in Sources */ = {isa = PBXBuildFile; fileRef = 6293EBA927F0627A00664BF5 /* LoadingView.swift */; };
		6293EBAC27F065F500664BF5 /* Alertable.swift in Sources */ = {isa = PBXBuildFile; fileRef = 6293EBAB27F065F500664BF5 /* Alertable.swift */; };
		6293EBAE27F0691800664BF5 /* UIView+Extensions.swift in Sources */ = {isa = PBXBuildFile; fileRef = 6293EBAD27F0691700664BF5 /* UIView+Extensions.swift */; };
		6293EBB027F06CE900664BF5 /* UIColor+Extensions.swift in Sources */ = {isa = PBXBuildFile; fileRef = 6293EBAF27F06CE900664BF5 /* UIColor+Extensions.swift */; };
		6293EBB227F0713200664BF5 /* WeatherConstants.swift in Sources */ = {isa = PBXBuildFile; fileRef = 6293EBB127F0713200664BF5 /* WeatherConstants.swift */; };
		6293EBB427F0B50F00664BF5 /* WeatherRepositoryTests.swift in Sources */ = {isa = PBXBuildFile; fileRef = 6293EBB327F0B50F00664BF5 /* WeatherRepositoryTests.swift */; };
		62C7F0DE27EB99F300F61DA0 /* WeatherDetailsViewController.swift in Sources */ = {isa = PBXBuildFile; fileRef = 62C7F0DC27EB99F300F61DA0 /* WeatherDetailsViewController.swift */; };
		62C7F0DF27EB99F300F61DA0 /* WeatherDetailsViewController.xib in Resources */ = {isa = PBXBuildFile; fileRef = 62C7F0DD27EB99F300F61DA0 /* WeatherDetailsViewController.xib */; };
		62C7F0E127EB9CDA00F61DA0 /* WeatherDetailsViewModel.swift in Sources */ = {isa = PBXBuildFile; fileRef = 62C7F0E027EB9CDA00F61DA0 /* WeatherDetailsViewModel.swift */; };
		62C7F0E327EC76BC00F61DA0 /* DataView.swift in Sources */ = {isa = PBXBuildFile; fileRef = 62C7F0E227EC76BC00F61DA0 /* DataView.swift */; };
		62C7F0E527EF759900F61DA0 /* FullWeatherDetailsView.swift in Sources */ = {isa = PBXBuildFile; fileRef = 62C7F0E427EF759900F61DA0 /* FullWeatherDetailsView.swift */; };
		62E6E18827EF880D00587665 /* Double+Extensions.swift in Sources */ = {isa = PBXBuildFile; fileRef = 62E6E18727EF880D00587665 /* Double+Extensions.swift */; };
/* End PBXBuildFile section */

/* Begin PBXContainerItemProxy section */
		6284399327DD177700949410 /* PBXContainerItemProxy */ = {
			isa = PBXContainerItemProxy;
			containerPortal = 6284397427DD177600949410 /* Project object */;
			proxyType = 1;
			remoteGlobalIDString = 6284397B27DD177600949410;
			remoteInfo = WeatherForecast;
		};
		6284399D27DD177700949410 /* PBXContainerItemProxy */ = {
			isa = PBXContainerItemProxy;
			containerPortal = 6284397427DD177600949410 /* Project object */;
			proxyType = 1;
			remoteGlobalIDString = 6284397B27DD177600949410;
			remoteInfo = WeatherForecast;
		};
/* End PBXContainerItemProxy section */

/* Begin PBXFileReference section */
		6202D47F27F0BEB100993EA3 /* WeatherAPIServiceMock.swift */ = {isa = PBXFileReference; lastKnownFileType = sourcecode.swift; path = WeatherAPIServiceMock.swift; sourceTree = "<group>"; };
		6237D83E27E9D60E00293711 /* CityWeatherTableViewCell.swift */ = {isa = PBXFileReference; lastKnownFileType = sourcecode.swift; path = CityWeatherTableViewCell.swift; sourceTree = "<group>"; };
		6237D83F27E9D60E00293711 /* CityWeatherTableViewCell.xib */ = {isa = PBXFileReference; lastKnownFileType = file.xib; path = CityWeatherTableViewCell.xib; sourceTree = "<group>"; };
		6237D84227E9DE0A00293711 /* CellReusable.swift */ = {isa = PBXFileReference; lastKnownFileType = sourcecode.swift; path = CellReusable.swift; sourceTree = "<group>"; };
		6237D84527EA38BF00293711 /* UIImageView+Extensions.swift */ = {isa = PBXFileReference; lastKnownFileType = sourcecode.swift; path = "UIImageView+Extensions.swift"; sourceTree = "<group>"; };
		625D1DC327DF383300FEB3B9 /* Location.swift */ = {isa = PBXFileReference; lastKnownFileType = sourcecode.swift; path = Location.swift; sourceTree = "<group>"; };
		625D1DC527DF38FE00FEB3B9 /* FindLocationUseCase.swift */ = {isa = PBXFileReference; lastKnownFileType = sourcecode.swift; path = FindLocationUseCase.swift; sourceTree = "<group>"; };
		625D1DC727DF4B1E00FEB3B9 /* FetchTomorrowWeatherUseCase.swift */ = {isa = PBXFileReference; lastKnownFileType = sourcecode.swift; path = FetchTomorrowWeatherUseCase.swift; sourceTree = "<group>"; };
		6284397C27DD177600949410 /* WeatherForecast.app */ = {isa = PBXFileReference; explicitFileType = wrapper.application; includeInIndex = 0; path = WeatherForecast.app; sourceTree = BUILT_PRODUCTS_DIR; };
		6284397F27DD177600949410 /* AppDelegate.swift */ = {isa = PBXFileReference; lastKnownFileType = sourcecode.swift; path = AppDelegate.swift; sourceTree = "<group>"; };
		6284398127DD177600949410 /* SceneDelegate.swift */ = {isa = PBXFileReference; lastKnownFileType = sourcecode.swift; path = SceneDelegate.swift; sourceTree = "<group>"; };
		6284398827DD177700949410 /* Assets.xcassets */ = {isa = PBXFileReference; lastKnownFileType = folder.assetcatalog; path = Assets.xcassets; sourceTree = "<group>"; };
		6284398B27DD177700949410 /* Base */ = {isa = PBXFileReference; lastKnownFileType = file.storyboard; name = Base; path = Base.lproj/LaunchScreen.storyboard; sourceTree = "<group>"; };
		6284398D27DD177700949410 /* Info.plist */ = {isa = PBXFileReference; lastKnownFileType = text.plist.xml; path = Info.plist; sourceTree = "<group>"; };
		6284399227DD177700949410 /* WeatherForecastTests.xctest */ = {isa = PBXFileReference; explicitFileType = wrapper.cfbundle; includeInIndex = 0; path = WeatherForecastTests.xctest; sourceTree = BUILT_PRODUCTS_DIR; };
		6284399C27DD177700949410 /* WeatherForecastUITests.xctest */ = {isa = PBXFileReference; explicitFileType = wrapper.cfbundle; includeInIndex = 0; path = WeatherForecastUITests.xctest; sourceTree = BUILT_PRODUCTS_DIR; };
		628439A027DD177700949410 /* WeatherForecastUITests.swift */ = {isa = PBXFileReference; lastKnownFileType = sourcecode.swift; path = WeatherForecastUITests.swift; sourceTree = "<group>"; };
		628439A227DD177700949410 /* WeatherForecastUITestsLaunchTests.swift */ = {isa = PBXFileReference; lastKnownFileType = sourcecode.swift; path = WeatherForecastUITestsLaunchTests.swift; sourceTree = "<group>"; };
		628439B827DD1FB200949410 /* Coordinator.swift */ = {isa = PBXFileReference; lastKnownFileType = sourcecode.swift; path = Coordinator.swift; sourceTree = "<group>"; };
		628439BD27DE34F700949410 /* WeatherListViewModel.swift */ = {isa = PBXFileReference; lastKnownFileType = sourcecode.swift; path = WeatherListViewModel.swift; sourceTree = "<group>"; };
		628439BF27DE351C00949410 /* WeatherListViewController.swift */ = {isa = PBXFileReference; lastKnownFileType = sourcecode.swift; path = WeatherListViewController.swift; sourceTree = "<group>"; };
		628439C527DE3D9F00949410 /* WeatherCoordinator.swift */ = {isa = PBXFileReference; lastKnownFileType = sourcecode.swift; path = WeatherCoordinator.swift; sourceTree = "<group>"; };
		628439C927DE552900949410 /* Endpoint.swift */ = {isa = PBXFileReference; lastKnownFileType = sourcecode.swift; path = Endpoint.swift; sourceTree = "<group>"; };
		628439CB27DE553F00949410 /* APIClient.swift */ = {isa = PBXFileReference; lastKnownFileType = sourcecode.swift; path = APIClient.swift; sourceTree = "<group>"; };
		628439CE27DE56FA00949410 /* WeatherEndpoint.swift */ = {isa = PBXFileReference; lastKnownFileType = sourcecode.swift; path = WeatherEndpoint.swift; sourceTree = "<group>"; };
		628439D027DE5D9C00949410 /* WeatherAPIService.swift */ = {isa = PBXFileReference; lastKnownFileType = sourcecode.swift; path = WeatherAPIService.swift; sourceTree = "<group>"; };
		628439D227DE62E600949410 /* Weather.swift */ = {isa = PBXFileReference; lastKnownFileType = sourcecode.swift; path = Weather.swift; sourceTree = "<group>"; };
		628439D427DE642E00949410 /* WeatherRepository.swift */ = {isa = PBXFileReference; lastKnownFileType = sourcecode.swift; path = WeatherRepository.swift; sourceTree = "<group>"; };
		628439D627DE64A100949410 /* WeatherDataRepository.swift */ = {isa = PBXFileReference; lastKnownFileType = sourcecode.swift; path = WeatherDataRepository.swift; sourceTree = "<group>"; };
		6293EBA627F0607000664BF5 /* FetchWeatherError.swift */ = {isa = PBXFileReference; lastKnownFileType = sourcecode.swift; path = FetchWeatherError.swift; sourceTree = "<group>"; };
		6293EBA927F0627A00664BF5 /* LoadingView.swift */ = {isa = PBXFileReference; lastKnownFileType = sourcecode.swift; path = LoadingView.swift; sourceTree = "<group>"; };
		6293EBAB27F065F500664BF5 /* Alertable.swift */ = {isa = PBXFileReference; lastKnownFileType = sourcecode.swift; path = Alertable.swift; sourceTree = "<group>"; };
		6293EBAD27F0691700664BF5 /* UIView+Extensions.swift */ = {isa = PBXFileReference; lastKnownFileType = sourcecode.swift; path = "UIView+Extensions.swift"; sourceTree = "<group>"; };
		6293EBAF27F06CE900664BF5 /* UIColor+Extensions.swift */ = {isa = PBXFileReference; lastKnownFileType = sourcecode.swift; path = "UIColor+Extensions.swift"; sourceTree = "<group>"; };
		6293EBB127F0713200664BF5 /* WeatherConstants.swift */ = {isa = PBXFileReference; lastKnownFileType = sourcecode.swift; path = WeatherConstants.swift; sourceTree = "<group>"; };
		6293EBB327F0B50F00664BF5 /* WeatherRepositoryTests.swift */ = {isa = PBXFileReference; lastKnownFileType = sourcecode.swift; path = WeatherRepositoryTests.swift; sourceTree = "<group>"; };
		62C7F0DC27EB99F300F61DA0 /* WeatherDetailsViewController.swift */ = {isa = PBXFileReference; lastKnownFileType = sourcecode.swift; path = WeatherDetailsViewController.swift; sourceTree = "<group>"; };
		62C7F0DD27EB99F300F61DA0 /* WeatherDetailsViewController.xib */ = {isa = PBXFileReference; lastKnownFileType = file.xib; path = WeatherDetailsViewController.xib; sourceTree = "<group>"; };
		62C7F0E027EB9CDA00F61DA0 /* WeatherDetailsViewModel.swift */ = {isa = PBXFileReference; lastKnownFileType = sourcecode.swift; path = WeatherDetailsViewModel.swift; sourceTree = "<group>"; };
		62C7F0E227EC76BC00F61DA0 /* DataView.swift */ = {isa = PBXFileReference; lastKnownFileType = sourcecode.swift; path = DataView.swift; sourceTree = "<group>"; };
		62C7F0E427EF759900F61DA0 /* FullWeatherDetailsView.swift */ = {isa = PBXFileReference; lastKnownFileType = sourcecode.swift; path = FullWeatherDetailsView.swift; sourceTree = "<group>"; };
		62E6E18727EF880D00587665 /* Double+Extensions.swift */ = {isa = PBXFileReference; lastKnownFileType = sourcecode.swift; path = "Double+Extensions.swift"; sourceTree = "<group>"; };
/* End PBXFileReference section */

/* Begin PBXFrameworksBuildPhase section */
		6284397927DD177600949410 /* Frameworks */ = {
			isa = PBXFrameworksBuildPhase;
			buildActionMask = 2147483647;
			files = (
			);
			runOnlyForDeploymentPostprocessing = 0;
		};
		6284398F27DD177700949410 /* Frameworks */ = {
			isa = PBXFrameworksBuildPhase;
			buildActionMask = 2147483647;
			files = (
			);
			runOnlyForDeploymentPostprocessing = 0;
		};
		6284399927DD177700949410 /* Frameworks */ = {
			isa = PBXFrameworksBuildPhase;
			buildActionMask = 2147483647;
			files = (
			);
			runOnlyForDeploymentPostprocessing = 0;
		};
/* End PBXFrameworksBuildPhase section */

/* Begin PBXGroup section */
		6237D84427EA38AA00293711 /* Extensions */ = {
			isa = PBXGroup;
			children = (
				6237D84527EA38BF00293711 /* UIImageView+Extensions.swift */,
				62E6E18727EF880D00587665 /* Double+Extensions.swift */,
				6293EBAD27F0691700664BF5 /* UIView+Extensions.swift */,
				6293EBAF27F06CE900664BF5 /* UIColor+Extensions.swift */,
			);
			path = Extensions;
			sourceTree = "<group>";
		};
		6284397327DD177600949410 = {
			isa = PBXGroup;
			children = (
				6284397E27DD177600949410 /* WeatherForecast */,
				6284399527DD177700949410 /* WeatherForecastTests */,
				6284399F27DD177700949410 /* WeatherForecastUITests */,
				6284397D27DD177600949410 /* Products */,
			);
			sourceTree = "<group>";
		};
		6284397D27DD177600949410 /* Products */ = {
			isa = PBXGroup;
			children = (
				6284397C27DD177600949410 /* WeatherForecast.app */,
				6284399227DD177700949410 /* WeatherForecastTests.xctest */,
				6284399C27DD177700949410 /* WeatherForecastUITests.xctest */,
			);
			name = Products;
			sourceTree = "<group>";
		};
		6284397E27DD177600949410 /* WeatherForecast */ = {
			isa = PBXGroup;
			children = (
				628439C727DE551100949410 /* Helpers */,
				628439AF27DD1B7B00949410 /* Application */,
				628439B027DD1B8400949410 /* Presentation */,
				628439B127DD1B8F00949410 /* Data */,
				628439B227DD1B9400949410 /* Domain */,
			);
			path = WeatherForecast;
			sourceTree = "<group>";
		};
		6284399527DD177700949410 /* WeatherForecastTests */ = {
			isa = PBXGroup;
			children = (
				6293EBB327F0B50F00664BF5 /* WeatherRepositoryTests.swift */,
				6202D47F27F0BEB100993EA3 /* WeatherAPIServiceMock.swift */,
			);
			path = WeatherForecastTests;
			sourceTree = "<group>";
		};
		6284399F27DD177700949410 /* WeatherForecastUITests */ = {
			isa = PBXGroup;
			children = (
				628439A027DD177700949410 /* WeatherForecastUITests.swift */,
				628439A227DD177700949410 /* WeatherForecastUITestsLaunchTests.swift */,
			);
			path = WeatherForecastUITests;
			sourceTree = "<group>";
		};
		628439AF27DD1B7B00949410 /* Application */ = {
			isa = PBXGroup;
			children = (
				6284397F27DD177600949410 /* AppDelegate.swift */,
				6284398127DD177600949410 /* SceneDelegate.swift */,
				6284398827DD177700949410 /* Assets.xcassets */,
				6284398A27DD177700949410 /* LaunchScreen.storyboard */,
				6284398D27DD177700949410 /* Info.plist */,
			);
			path = Application;
			sourceTree = "<group>";
		};
		628439B027DD1B8400949410 /* Presentation */ = {
			isa = PBXGroup;
			children = (
				6293EBB127F0713200664BF5 /* WeatherConstants.swift */,
				628439C527DE3D9F00949410 /* WeatherCoordinator.swift */,
				62C7F0E227EC76BC00F61DA0 /* DataView.swift */,
				62E6E18927EF9B8600587665 /* WeatherDetails */,
				628439BC27DD212900949410 /* WeatherList */,
			);
			path = Presentation;
			sourceTree = "<group>";
		};
		628439B127DD1B8F00949410 /* Data */ = {
			isa = PBXGroup;
			children = (
				628439CD27DE567F00949410 /* Services */,
				628439B727DD1E1100949410 /* Repositories */,
				628439B627DD1E0900949410 /* Interfaces */,
			);
			path = Data;
			sourceTree = "<group>";
		};
		628439B227DD1B9400949410 /* Domain */ = {
			isa = PBXGroup;
			children = (
				628439B327DD1DC900949410 /* Entities */,
				628439B427DD1DD200949410 /* UseCases */,
				628439B527DD1DDA00949410 /* Repository */,
				6293EBA527F059C300664BF5 /* Error */,
				628439B827DD1FB200949410 /* Coordinator.swift */,
			);
			path = Domain;
			sourceTree = "<group>";
		};
		628439B327DD1DC900949410 /* Entities */ = {
			isa = PBXGroup;
			children = (
				628439D227DE62E600949410 /* Weather.swift */,
				625D1DC327DF383300FEB3B9 /* Location.swift */,
			);
			path = Entities;
			sourceTree = "<group>";
		};
		628439B427DD1DD200949410 /* UseCases */ = {
			isa = PBXGroup;
			children = (
				625D1DC527DF38FE00FEB3B9 /* FindLocationUseCase.swift */,
				625D1DC727DF4B1E00FEB3B9 /* FetchTomorrowWeatherUseCase.swift */,
			);
			path = UseCases;
			sourceTree = "<group>";
		};
		628439B527DD1DDA00949410 /* Repository */ = {
			isa = PBXGroup;
			children = (
				628439D427DE642E00949410 /* WeatherRepository.swift */,
			);
			path = Repository;
			sourceTree = "<group>";
		};
		628439B627DD1E0900949410 /* Interfaces */ = {
			isa = PBXGroup;
			children = (
			);
			path = Interfaces;
			sourceTree = "<group>";
		};
		628439B727DD1E1100949410 /* Repositories */ = {
			isa = PBXGroup;
			children = (
				628439D627DE64A100949410 /* WeatherDataRepository.swift */,
			);
			path = Repositories;
			sourceTree = "<group>";
		};
		628439BC27DD212900949410 /* WeatherList */ = {
			isa = PBXGroup;
			children = (
				628439BD27DE34F700949410 /* WeatherListViewModel.swift */,
				628439BF27DE351C00949410 /* WeatherListViewController.swift */,
				6237D83E27E9D60E00293711 /* CityWeatherTableViewCell.swift */,
				6237D83F27E9D60E00293711 /* CityWeatherTableViewCell.xib */,
			);
			path = WeatherList;
			sourceTree = "<group>";
		};
		628439C727DE551100949410 /* Helpers */ = {
			isa = PBXGroup;
			children = (
				6293EBA827F061BB00664BF5 /* CommonViews */,
				628439C827DE551800949410 /* Network */,
				6237D84427EA38AA00293711 /* Extensions */,
			);
			path = Helpers;
			sourceTree = "<group>";
		};
		628439C827DE551800949410 /* Network */ = {
			isa = PBXGroup;
			children = (
				628439C927DE552900949410 /* Endpoint.swift */,
				628439CB27DE553F00949410 /* APIClient.swift */,
			);
			path = Network;
			sourceTree = "<group>";
		};
		628439CD27DE567F00949410 /* Services */ = {
			isa = PBXGroup;
			children = (
				628439CE27DE56FA00949410 /* WeatherEndpoint.swift */,
				628439D027DE5D9C00949410 /* WeatherAPIService.swift */,
			);
			path = Services;
			sourceTree = "<group>";
		};
		6293EBA527F059C300664BF5 /* Error */ = {
			isa = PBXGroup;
			children = (
				6293EBA627F0607000664BF5 /* FetchWeatherError.swift */,
			);
			path = Error;
			sourceTree = "<group>";
		};
		6293EBA827F061BB00664BF5 /* CommonViews */ = {
			isa = PBXGroup;
			children = (
				6237D84227E9DE0A00293711 /* CellReusable.swift */,
				6293EBA927F0627A00664BF5 /* LoadingView.swift */,
				6293EBAB27F065F500664BF5 /* Alertable.swift */,
			);
			path = CommonViews;
			sourceTree = "<group>";
		};
		62E6E18927EF9B8600587665 /* WeatherDetails */ = {
			isa = PBXGroup;
			children = (
				62C7F0E027EB9CDA00F61DA0 /* WeatherDetailsViewModel.swift */,
				62C7F0DC27EB99F300F61DA0 /* WeatherDetailsViewController.swift */,
				62C7F0DD27EB99F300F61DA0 /* WeatherDetailsViewController.xib */,
				62C7F0E427EF759900F61DA0 /* FullWeatherDetailsView.swift */,
			);
			path = WeatherDetails;
			sourceTree = "<group>";
		};
/* End PBXGroup section */

/* Begin PBXNativeTarget section */
		6284397B27DD177600949410 /* WeatherForecast */ = {
			isa = PBXNativeTarget;
			buildConfigurationList = 628439A627DD177700949410 /* Build configuration list for PBXNativeTarget "WeatherForecast" */;
			buildPhases = (
				6284397827DD177600949410 /* Sources */,
				6284397927DD177600949410 /* Frameworks */,
				6284397A27DD177600949410 /* Resources */,
			);
			buildRules = (
			);
			dependencies = (
			);
			name = WeatherForecast;
			packageProductDependencies = (
			);
			productName = WeatherForecast;
			productReference = 6284397C27DD177600949410 /* WeatherForecast.app */;
			productType = "com.apple.product-type.application";
		};
		6284399127DD177700949410 /* WeatherForecastTests */ = {
			isa = PBXNativeTarget;
			buildConfigurationList = 628439A927DD177700949410 /* Build configuration list for PBXNativeTarget "WeatherForecastTests" */;
			buildPhases = (
				6284398E27DD177700949410 /* Sources */,
				6284398F27DD177700949410 /* Frameworks */,
				6284399027DD177700949410 /* Resources */,
			);
			buildRules = (
			);
			dependencies = (
				6284399427DD177700949410 /* PBXTargetDependency */,
			);
			name = WeatherForecastTests;
			productName = WeatherForecastTests;
			productReference = 6284399227DD177700949410 /* WeatherForecastTests.xctest */;
			productType = "com.apple.product-type.bundle.unit-test";
		};
		6284399B27DD177700949410 /* WeatherForecastUITests */ = {
			isa = PBXNativeTarget;
			buildConfigurationList = 628439AC27DD177700949410 /* Build configuration list for PBXNativeTarget "WeatherForecastUITests" */;
			buildPhases = (
				6284399827DD177700949410 /* Sources */,
				6284399927DD177700949410 /* Frameworks */,
				6284399A27DD177700949410 /* Resources */,
			);
			buildRules = (
			);
			dependencies = (
				6284399E27DD177700949410 /* PBXTargetDependency */,
			);
			name = WeatherForecastUITests;
			productName = WeatherForecastUITests;
			productReference = 6284399C27DD177700949410 /* WeatherForecastUITests.xctest */;
			productType = "com.apple.product-type.bundle.ui-testing";
		};
/* End PBXNativeTarget section */

/* Begin PBXProject section */
		6284397427DD177600949410 /* Project object */ = {
			isa = PBXProject;
			attributes = {
				BuildIndependentTargetsInParallel = 1;
				LastSwiftUpdateCheck = 1320;
				LastUpgradeCheck = 1320;
				TargetAttributes = {
					6284397B27DD177600949410 = {
						CreatedOnToolsVersion = 13.2.1;
					};
					6284399127DD177700949410 = {
						CreatedOnToolsVersion = 13.2.1;
						TestTargetID = 6284397B27DD177600949410;
					};
					6284399B27DD177700949410 = {
						CreatedOnToolsVersion = 13.2.1;
						TestTargetID = 6284397B27DD177600949410;
					};
				};
			};
			buildConfigurationList = 6284397727DD177600949410 /* Build configuration list for PBXProject "WeatherForecast" */;
			compatibilityVersion = "Xcode 13.0";
			developmentRegion = en;
			hasScannedForEncodings = 0;
			knownRegions = (
				en,
				Base,
			);
			mainGroup = 6284397327DD177600949410;
			packageReferences = (
			);
			productRefGroup = 6284397D27DD177600949410 /* Products */;
			projectDirPath = "";
			projectRoot = "";
			targets = (
				6284397B27DD177600949410 /* WeatherForecast */,
				6284399127DD177700949410 /* WeatherForecastTests */,
				6284399B27DD177700949410 /* WeatherForecastUITests */,
			);
		};
/* End PBXProject section */

/* Begin PBXResourcesBuildPhase section */
		6284397A27DD177600949410 /* Resources */ = {
			isa = PBXResourcesBuildPhase;
			buildActionMask = 2147483647;
			files = (
				62C7F0DF27EB99F300F61DA0 /* WeatherDetailsViewController.xib in Resources */,
				6284398C27DD177700949410 /* LaunchScreen.storyboard in Resources */,
				6237D84127E9D60E00293711 /* CityWeatherTableViewCell.xib in Resources */,
				6284398927DD177700949410 /* Assets.xcassets in Resources */,
			);
			runOnlyForDeploymentPostprocessing = 0;
		};
		6284399027DD177700949410 /* Resources */ = {
			isa = PBXResourcesBuildPhase;
			buildActionMask = 2147483647;
			files = (
			);
			runOnlyForDeploymentPostprocessing = 0;
		};
		6284399A27DD177700949410 /* Resources */ = {
			isa = PBXResourcesBuildPhase;
			buildActionMask = 2147483647;
			files = (
			);
			runOnlyForDeploymentPostprocessing = 0;
		};
/* End PBXResourcesBuildPhase section */

/* Begin PBXSourcesBuildPhase section */
		6284397827DD177600949410 /* Sources */ = {
			isa = PBXSourcesBuildPhase;
			buildActionMask = 2147483647;
			files = (
				6293EBAC27F065F500664BF5 /* Alertable.swift in Sources */,
				62E6E18827EF880D00587665 /* Double+Extensions.swift in Sources */,
				628439CA27DE552900949410 /* Endpoint.swift in Sources */,
				628439C127DE351C00949410 /* WeatherListViewController.swift in Sources */,
				62C7F0E127EB9CDA00F61DA0 /* WeatherDetailsViewModel.swift in Sources */,
				628439CF27DE56FA00949410 /* WeatherEndpoint.swift in Sources */,
				6293EBB027F06CE900664BF5 /* UIColor+Extensions.swift in Sources */,
				625D1DC627DF38FE00FEB3B9 /* FindLocationUseCase.swift in Sources */,
				628439D327DE62E600949410 /* Weather.swift in Sources */,
				62C7F0E527EF759900F61DA0 /* FullWeatherDetailsView.swift in Sources */,
				6237D84627EA38BF00293711 /* UIImageView+Extensions.swift in Sources */,
				62C7F0DE27EB99F300F61DA0 /* WeatherDetailsViewController.swift in Sources */,
				62C7F0E327EC76BC00F61DA0 /* DataView.swift in Sources */,
				6293EBAA27F0627A00664BF5 /* LoadingView.swift in Sources */,
				6293EBA727F0607000664BF5 /* FetchWeatherError.swift in Sources */,
				6293EBAE27F0691800664BF5 /* UIView+Extensions.swift in Sources */,
				628439B927DD1FB200949410 /* Coordinator.swift in Sources */,
				628439CC27DE553F00949410 /* APIClient.swift in Sources */,
				625D1DC827DF4B1E00FEB3B9 /* FetchTomorrowWeatherUseCase.swift in Sources */,
				6237D84327E9DE0A00293711 /* CellReusable.swift in Sources */,
				625D1DC427DF383300FEB3B9 /* Location.swift in Sources */,
				628439D527DE642E00949410 /* WeatherRepository.swift in Sources */,
				628439BE27DE34F700949410 /* WeatherListViewModel.swift in Sources */,
				6284398027DD177600949410 /* AppDelegate.swift in Sources */,
				6293EBB227F0713200664BF5 /* WeatherConstants.swift in Sources */,
				628439D727DE64A100949410 /* WeatherDataRepository.swift in Sources */,
				6284398227DD177600949410 /* SceneDelegate.swift in Sources */,
				628439C627DE3D9F00949410 /* WeatherCoordinator.swift in Sources */,
				6237D84027E9D60E00293711 /* CityWeatherTableViewCell.swift in Sources */,
				628439D127DE5D9C00949410 /* WeatherAPIService.swift in Sources */,
			);
			runOnlyForDeploymentPostprocessing = 0;
		};
		6284398E27DD177700949410 /* Sources */ = {
			isa = PBXSourcesBuildPhase;
			buildActionMask = 2147483647;
			files = (
				6293EBB427F0B50F00664BF5 /* WeatherRepositoryTests.swift in Sources */,
				6202D48027F0BEB100993EA3 /* WeatherAPIServiceMock.swift in Sources */,
			);
			runOnlyForDeploymentPostprocessing = 0;
		};
		6284399827DD177700949410 /* Sources */ = {
			isa = PBXSourcesBuildPhase;
			buildActionMask = 2147483647;
			files = (
				628439A327DD177700949410 /* WeatherForecastUITestsLaunchTests.swift in Sources */,
				628439A127DD177700949410 /* WeatherForecastUITests.swift in Sources */,
			);
			runOnlyForDeploymentPostprocessing = 0;
		};
/* End PBXSourcesBuildPhase section */

/* Begin PBXTargetDependency section */
		6284399427DD177700949410 /* PBXTargetDependency */ = {
			isa = PBXTargetDependency;
			target = 6284397B27DD177600949410 /* WeatherForecast */;
			targetProxy = 6284399327DD177700949410 /* PBXContainerItemProxy */;
		};
		6284399E27DD177700949410 /* PBXTargetDependency */ = {
			isa = PBXTargetDependency;
			target = 6284397B27DD177600949410 /* WeatherForecast */;
			targetProxy = 6284399D27DD177700949410 /* PBXContainerItemProxy */;
		};
/* End PBXTargetDependency section */

/* Begin PBXVariantGroup section */
		6284398A27DD177700949410 /* LaunchScreen.storyboard */ = {
			isa = PBXVariantGroup;
			children = (
				6284398B27DD177700949410 /* Base */,
			);
			name = LaunchScreen.storyboard;
			sourceTree = "<group>";
		};
/* End PBXVariantGroup section */

/* Begin XCBuildConfiguration section */
		628439A427DD177700949410 /* Debug */ = {
			isa = XCBuildConfiguration;
			buildSettings = {
				ALWAYS_SEARCH_USER_PATHS = NO;
				CLANG_ANALYZER_NONNULL = YES;
				CLANG_ANALYZER_NUMBER_OBJECT_CONVERSION = YES_AGGRESSIVE;
				CLANG_CXX_LANGUAGE_STANDARD = "gnu++17";
				CLANG_CXX_LIBRARY = "libc++";
				CLANG_ENABLE_MODULES = YES;
				CLANG_ENABLE_OBJC_ARC = YES;
				CLANG_ENABLE_OBJC_WEAK = YES;
				CLANG_WARN_BLOCK_CAPTURE_AUTORELEASING = YES;
				CLANG_WARN_BOOL_CONVERSION = YES;
				CLANG_WARN_COMMA = YES;
				CLANG_WARN_CONSTANT_CONVERSION = YES;
				CLANG_WARN_DEPRECATED_OBJC_IMPLEMENTATIONS = YES;
				CLANG_WARN_DIRECT_OBJC_ISA_USAGE = YES_ERROR;
				CLANG_WARN_DOCUMENTATION_COMMENTS = YES;
				CLANG_WARN_EMPTY_BODY = YES;
				CLANG_WARN_ENUM_CONVERSION = YES;
				CLANG_WARN_INFINITE_RECURSION = YES;
				CLANG_WARN_INT_CONVERSION = YES;
				CLANG_WARN_NON_LITERAL_NULL_CONVERSION = YES;
				CLANG_WARN_OBJC_IMPLICIT_RETAIN_SELF = YES;
				CLANG_WARN_OBJC_LITERAL_CONVERSION = YES;
				CLANG_WARN_OBJC_ROOT_CLASS = YES_ERROR;
				CLANG_WARN_QUOTED_INCLUDE_IN_FRAMEWORK_HEADER = YES;
				CLANG_WARN_RANGE_LOOP_ANALYSIS = YES;
				CLANG_WARN_STRICT_PROTOTYPES = YES;
				CLANG_WARN_SUSPICIOUS_MOVE = YES;
				CLANG_WARN_UNGUARDED_AVAILABILITY = YES_AGGRESSIVE;
				CLANG_WARN_UNREACHABLE_CODE = YES;
				CLANG_WARN__DUPLICATE_METHOD_MATCH = YES;
				COPY_PHASE_STRIP = NO;
				DEBUG_INFORMATION_FORMAT = dwarf;
				ENABLE_STRICT_OBJC_MSGSEND = YES;
				ENABLE_TESTABILITY = YES;
				GCC_C_LANGUAGE_STANDARD = gnu11;
				GCC_DYNAMIC_NO_PIC = NO;
				GCC_NO_COMMON_BLOCKS = YES;
				GCC_OPTIMIZATION_LEVEL = 0;
				GCC_PREPROCESSOR_DEFINITIONS = (
					"DEBUG=1",
					"$(inherited)",
				);
				GCC_WARN_64_TO_32_BIT_CONVERSION = YES;
				GCC_WARN_ABOUT_RETURN_TYPE = YES_ERROR;
				GCC_WARN_UNDECLARED_SELECTOR = YES;
				GCC_WARN_UNINITIALIZED_AUTOS = YES_AGGRESSIVE;
				GCC_WARN_UNUSED_FUNCTION = YES;
				GCC_WARN_UNUSED_VARIABLE = YES;
				IPHONEOS_DEPLOYMENT_TARGET = 14.0;
				MTL_ENABLE_DEBUG_INFO = INCLUDE_SOURCE;
				MTL_FAST_MATH = YES;
				ONLY_ACTIVE_ARCH = YES;
				SDKROOT = iphoneos;
				SWIFT_ACTIVE_COMPILATION_CONDITIONS = DEBUG;
				SWIFT_OPTIMIZATION_LEVEL = "-Onone";
			};
			name = Debug;
		};
		628439A527DD177700949410 /* Release */ = {
			isa = XCBuildConfiguration;
			buildSettings = {
				ALWAYS_SEARCH_USER_PATHS = NO;
				CLANG_ANALYZER_NONNULL = YES;
				CLANG_ANALYZER_NUMBER_OBJECT_CONVERSION = YES_AGGRESSIVE;
				CLANG_CXX_LANGUAGE_STANDARD = "gnu++17";
				CLANG_CXX_LIBRARY = "libc++";
				CLANG_ENABLE_MODULES = YES;
				CLANG_ENABLE_OBJC_ARC = YES;
				CLANG_ENABLE_OBJC_WEAK = YES;
				CLANG_WARN_BLOCK_CAPTURE_AUTORELEASING = YES;
				CLANG_WARN_BOOL_CONVERSION = YES;
				CLANG_WARN_COMMA = YES;
				CLANG_WARN_CONSTANT_CONVERSION = YES;
				CLANG_WARN_DEPRECATED_OBJC_IMPLEMENTATIONS = YES;
				CLANG_WARN_DIRECT_OBJC_ISA_USAGE = YES_ERROR;
				CLANG_WARN_DOCUMENTATION_COMMENTS = YES;
				CLANG_WARN_EMPTY_BODY = YES;
				CLANG_WARN_ENUM_CONVERSION = YES;
				CLANG_WARN_INFINITE_RECURSION = YES;
				CLANG_WARN_INT_CONVERSION = YES;
				CLANG_WARN_NON_LITERAL_NULL_CONVERSION = YES;
				CLANG_WARN_OBJC_IMPLICIT_RETAIN_SELF = YES;
				CLANG_WARN_OBJC_LITERAL_CONVERSION = YES;
				CLANG_WARN_OBJC_ROOT_CLASS = YES_ERROR;
				CLANG_WARN_QUOTED_INCLUDE_IN_FRAMEWORK_HEADER = YES;
				CLANG_WARN_RANGE_LOOP_ANALYSIS = YES;
				CLANG_WARN_STRICT_PROTOTYPES = YES;
				CLANG_WARN_SUSPICIOUS_MOVE = YES;
				CLANG_WARN_UNGUARDED_AVAILABILITY = YES_AGGRESSIVE;
				CLANG_WARN_UNREACHABLE_CODE = YES;
				CLANG_WARN__DUPLICATE_METHOD_MATCH = YES;
				COPY_PHASE_STRIP = NO;
				DEBUG_INFORMATION_FORMAT = "dwarf-with-dsym";
				ENABLE_NS_ASSERTIONS = NO;
				ENABLE_STRICT_OBJC_MSGSEND = YES;
				GCC_C_LANGUAGE_STANDARD = gnu11;
				GCC_NO_COMMON_BLOCKS = YES;
				GCC_WARN_64_TO_32_BIT_CONVERSION = YES;
				GCC_WARN_ABOUT_RETURN_TYPE = YES_ERROR;
				GCC_WARN_UNDECLARED_SELECTOR = YES;
				GCC_WARN_UNINITIALIZED_AUTOS = YES_AGGRESSIVE;
				GCC_WARN_UNUSED_FUNCTION = YES;
				GCC_WARN_UNUSED_VARIABLE = YES;
				IPHONEOS_DEPLOYMENT_TARGET = 14.0;
				MTL_ENABLE_DEBUG_INFO = NO;
				MTL_FAST_MATH = YES;
				SDKROOT = iphoneos;
				SWIFT_COMPILATION_MODE = wholemodule;
				SWIFT_OPTIMIZATION_LEVEL = "-O";
				VALIDATE_PRODUCT = YES;
			};
			name = Release;
		};
		628439A727DD177700949410 /* Debug */ = {
			isa = XCBuildConfiguration;
			buildSettings = {
				ASSETCATALOG_COMPILER_APPICON_NAME = AppIcon;
				ASSETCATALOG_COMPILER_GLOBAL_ACCENT_COLOR_NAME = AccentColor;
				CODE_SIGN_STYLE = Automatic;
				CURRENT_PROJECT_VERSION = 1;
				GENERATE_INFOPLIST_FILE = YES;
				INFOPLIST_FILE = WeatherForecast/Application/Info.plist;
				INFOPLIST_KEY_UIApplicationSupportsIndirectInputEvents = YES;
				INFOPLIST_KEY_UILaunchStoryboardName = LaunchScreen;
				INFOPLIST_KEY_UISupportedInterfaceOrientations_iPad = "UIInterfaceOrientationPortrait UIInterfaceOrientationPortraitUpsideDown UIInterfaceOrientationLandscapeLeft UIInterfaceOrientationLandscapeRight";
				INFOPLIST_KEY_UISupportedInterfaceOrientations_iPhone = "UIInterfaceOrientationPortrait UIInterfaceOrientationLandscapeLeft UIInterfaceOrientationLandscapeRight";
				IPHONEOS_DEPLOYMENT_TARGET = 14.0;
				LD_RUNPATH_SEARCH_PATHS = (
					"$(inherited)",
					"@executable_path/Frameworks",
				);
				MARKETING_VERSION = 1.0;
				PRODUCT_BUNDLE_IDENTIFIER = "ios.dev.kareem.swift.weather-forecast.test.WeatherForecast";
				PRODUCT_NAME = "$(TARGET_NAME)";
				SWIFT_EMIT_LOC_STRINGS = YES;
				SWIFT_VERSION = 5.0;
				TARGETED_DEVICE_FAMILY = "1,2";
			};
			name = Debug;
		};
		628439A827DD177700949410 /* Release */ = {
			isa = XCBuildConfiguration;
			buildSettings = {
				ASSETCATALOG_COMPILER_APPICON_NAME = AppIcon;
				ASSETCATALOG_COMPILER_GLOBAL_ACCENT_COLOR_NAME = AccentColor;
				CODE_SIGN_STYLE = Automatic;
				CURRENT_PROJECT_VERSION = 1;
				GENERATE_INFOPLIST_FILE = YES;
				INFOPLIST_FILE = WeatherForecast/Application/Info.plist;
				INFOPLIST_KEY_UIApplicationSupportsIndirectInputEvents = YES;
				INFOPLIST_KEY_UILaunchStoryboardName = LaunchScreen;
				INFOPLIST_KEY_UISupportedInterfaceOrientations_iPad = "UIInterfaceOrientationPortrait UIInterfaceOrientationPortraitUpsideDown UIInterfaceOrientationLandscapeLeft UIInterfaceOrientationLandscapeRight";
				INFOPLIST_KEY_UISupportedInterfaceOrientations_iPhone = "UIInterfaceOrientationPortrait UIInterfaceOrientationLandscapeLeft UIInterfaceOrientationLandscapeRight";
				IPHONEOS_DEPLOYMENT_TARGET = 14.0;
				LD_RUNPATH_SEARCH_PATHS = (
					"$(inherited)",
					"@executable_path/Frameworks",
				);
				MARKETING_VERSION = 1.0;
				PRODUCT_BUNDLE_IDENTIFIER = "ios.dev.kareem.swift.weather-forecast.test.WeatherForecast";
				PRODUCT_NAME = "$(TARGET_NAME)";
				SWIFT_EMIT_LOC_STRINGS = YES;
				SWIFT_VERSION = 5.0;
				TARGETED_DEVICE_FAMILY = "1,2";
			};
			name = Release;
		};
		628439AA27DD177700949410 /* Debug */ = {
			isa = XCBuildConfiguration;
			buildSettings = {
				ALWAYS_EMBED_SWIFT_STANDARD_LIBRARIES = YES;
				BUNDLE_LOADER = "$(TEST_HOST)";
				CODE_SIGN_STYLE = Automatic;
				CURRENT_PROJECT_VERSION = 1;
				GENERATE_INFOPLIST_FILE = YES;
				IPHONEOS_DEPLOYMENT_TARGET = 15.2;
				MARKETING_VERSION = 1.0;
				PRODUCT_BUNDLE_IDENTIFIER = "ios.dev.kareem.swift.weather-forecast.test.WeatherForecastTests";
				PRODUCT_NAME = "$(TARGET_NAME)";
				SWIFT_EMIT_LOC_STRINGS = NO;
				SWIFT_VERSION = 5.0;
				TARGETED_DEVICE_FAMILY = "1,2";
				TEST_HOST = "$(BUILT_PRODUCTS_DIR)/WeatherForecast.app/WeatherForecast";
			};
			name = Debug;
		};
		628439AB27DD177700949410 /* Release */ = {
			isa = XCBuildConfiguration;
			buildSettings = {
				ALWAYS_EMBED_SWIFT_STANDARD_LIBRARIES = YES;
				BUNDLE_LOADER = "$(TEST_HOST)";
				CODE_SIGN_STYLE = Automatic;
				CURRENT_PROJECT_VERSION = 1;
				GENERATE_INFOPLIST_FILE = YES;
				IPHONEOS_DEPLOYMENT_TARGET = 15.2;
				MARKETING_VERSION = 1.0;
				PRODUCT_BUNDLE_IDENTIFIER = "ios.dev.kareem.swift.weather-forecast.test.WeatherForecastTests";
				PRODUCT_NAME = "$(TARGET_NAME)";
				SWIFT_EMIT_LOC_STRINGS = NO;
				SWIFT_VERSION = 5.0;
				TARGETED_DEVICE_FAMILY = "1,2";
				TEST_HOST = "$(BUILT_PRODUCTS_DIR)/WeatherForecast.app/WeatherForecast";
			};
			name = Release;
		};
		628439AD27DD177700949410 /* Debug */ = {
			isa = XCBuildConfiguration;
			buildSettings = {
				ALWAYS_EMBED_SWIFT_STANDARD_LIBRARIES = YES;
				CODE_SIGN_STYLE = Automatic;
				CURRENT_PROJECT_VERSION = 1;
				GENERATE_INFOPLIST_FILE = YES;
				MARKETING_VERSION = 1.0;
				PRODUCT_BUNDLE_IDENTIFIER = "ios.dev.kareem.swift.weather-forecast.test.WeatherForecastUITests";
				PRODUCT_NAME = "$(TARGET_NAME)";
				SWIFT_EMIT_LOC_STRINGS = NO;
				SWIFT_VERSION = 5.0;
				TARGETED_DEVICE_FAMILY = "1,2";
				TEST_TARGET_NAME = WeatherForecast;
			};
			name = Debug;
		};
		628439AE27DD177700949410 /* Release */ = {
			isa = XCBuildConfiguration;
			buildSettings = {
				ALWAYS_EMBED_SWIFT_STANDARD_LIBRARIES = YES;
				CODE_SIGN_STYLE = Automatic;
				CURRENT_PROJECT_VERSION = 1;
				GENERATE_INFOPLIST_FILE = YES;
				MARKETING_VERSION = 1.0;
				PRODUCT_BUNDLE_IDENTIFIER = "ios.dev.kareem.swift.weather-forecast.test.WeatherForecastUITests";
				PRODUCT_NAME = "$(TARGET_NAME)";
				SWIFT_EMIT_LOC_STRINGS = NO;
				SWIFT_VERSION = 5.0;
				TARGETED_DEVICE_FAMILY = "1,2";
				TEST_TARGET_NAME = WeatherForecast;
			};
			name = Release;
		};
/* End XCBuildConfiguration section */

/* Begin XCConfigurationList section */
		6284397727DD177600949410 /* Build configuration list for PBXProject "WeatherForecast" */ = {
			isa = XCConfigurationList;
			buildConfigurations = (
				628439A427DD177700949410 /* Debug */,
				628439A527DD177700949410 /* Release */,
			);
			defaultConfigurationIsVisible = 0;
			defaultConfigurationName = Release;
		};
		628439A627DD177700949410 /* Build configuration list for PBXNativeTarget "WeatherForecast" */ = {
			isa = XCConfigurationList;
			buildConfigurations = (
				628439A727DD177700949410 /* Debug */,
				628439A827DD177700949410 /* Release */,
			);
			defaultConfigurationIsVisible = 0;
			defaultConfigurationName = Release;
		};
		628439A927DD177700949410 /* Build configuration list for PBXNativeTarget "WeatherForecastTests" */ = {
			isa = XCConfigurationList;
			buildConfigurations = (
				628439AA27DD177700949410 /* Debug */,
				628439AB27DD177700949410 /* Release */,
			);
			defaultConfigurationIsVisible = 0;
			defaultConfigurationName = Release;
		};
		628439AC27DD177700949410 /* Build configuration list for PBXNativeTarget "WeatherForecastUITests" */ = {
			isa = XCConfigurationList;
			buildConfigurations = (
				628439AD27DD177700949410 /* Debug */,
				628439AE27DD177700949410 /* Release */,
			);
			defaultConfigurationIsVisible = 0;
			defaultConfigurationName = Release;
		};
/* End XCConfigurationList section */
	};
	rootObject = 6284397427DD177600949410 /* Project object */;
}
